// !$*UTF8*$!
{
	archiveVersion = 1;
	classes = {
	};
	objectVersion = 56;
	objects = {

/* Begin PBXBuildFile section */
		9E948F272ADF9E0F00368A6A /* AppDelegate.swift in Sources */ = {isa = PBXBuildFile; fileRef = 9E948F262ADF9E0F00368A6A /* AppDelegate.swift */; };
		9E948F292ADF9E0F00368A6A /* SceneDelegate.swift in Sources */ = {isa = PBXBuildFile; fileRef = 9E948F282ADF9E0F00368A6A /* SceneDelegate.swift */; };
		9E948F2B2ADF9E0F00368A6A /* ViewController.swift in Sources */ = {isa = PBXBuildFile; fileRef = 9E948F2A2ADF9E0F00368A6A /* ViewController.swift */; };
		9E948F2E2ADF9E0F00368A6A /* Main.storyboard in Resources */ = {isa = PBXBuildFile; fileRef = 9E948F2C2ADF9E0F00368A6A /* Main.storyboard */; };
		9E948F302ADF9E1000368A6A /* Assets.xcassets in Resources */ = {isa = PBXBuildFile; fileRef = 9E948F2F2ADF9E1000368A6A /* Assets.xcassets */; };
		9E948F332ADF9E1000368A6A /* LaunchScreen.storyboard in Resources */ = {isa = PBXBuildFile; fileRef = 9E948F312ADF9E1000368A6A /* LaunchScreen.storyboard */; };
		9E948F3E2ADF9E1100368A6A /* SocialAuthenticationTests.swift in Sources */ = {isa = PBXBuildFile; fileRef = 9E948F3D2ADF9E1100368A6A /* SocialAuthenticationTests.swift */; };
		9E948F482ADF9E1100368A6A /* SocialAuthenticationUITests.swift in Sources */ = {isa = PBXBuildFile; fileRef = 9E948F472ADF9E1100368A6A /* SocialAuthenticationUITests.swift */; };
		9E948F4A2ADF9E1100368A6A /* SocialAuthenticationUITestsLaunchTests.swift in Sources */ = {isa = PBXBuildFile; fileRef = 9E948F492ADF9E1100368A6A /* SocialAuthenticationUITestsLaunchTests.swift */; };
/* End PBXBuildFile section */

/* Begin PBXContainerItemProxy section */
		9E948F3A2ADF9E1100368A6A /* PBXContainerItemProxy */ = {
			isa = PBXContainerItemProxy;
			containerPortal = 9E948F1B2ADF9E0F00368A6A /* Project object */;
			proxyType = 1;
			remoteGlobalIDString = 9E948F222ADF9E0F00368A6A;
			remoteInfo = SocialAuthentication;
		};
		9E948F442ADF9E1100368A6A /* PBXContainerItemProxy */ = {
			isa = PBXContainerItemProxy;
			containerPortal = 9E948F1B2ADF9E0F00368A6A /* Project object */;
			proxyType = 1;
			remoteGlobalIDString = 9E948F222ADF9E0F00368A6A;
			remoteInfo = SocialAuthentication;
		};
/* End PBXContainerItemProxy section */

/* Begin PBXFileReference section */
		9E948F232ADF9E0F00368A6A /* SocialAuthentication.app */ = {isa = PBXFileReference; explicitFileType = wrapper.application; includeInIndex = 0; path = SocialAuthentication.app; sourceTree = BUILT_PRODUCTS_DIR; };
		9E948F262ADF9E0F00368A6A /* AppDelegate.swift */ = {isa = PBXFileReference; lastKnownFileType = sourcecode.swift; path = AppDelegate.swift; sourceTree = "<group>"; };
		9E948F282ADF9E0F00368A6A /* SceneDelegate.swift */ = {isa = PBXFileReference; lastKnownFileType = sourcecode.swift; path = SceneDelegate.swift; sourceTree = "<group>"; };
		9E948F2A2ADF9E0F00368A6A /* ViewController.swift */ = {isa = PBXFileReference; lastKnownFileType = sourcecode.swift; path = ViewController.swift; sourceTree = "<group>"; };
		9E948F2D2ADF9E0F00368A6A /* Base */ = {isa = PBXFileReference; lastKnownFileType = file.storyboard; name = Base; path = Base.lproj/Main.storyboard; sourceTree = "<group>"; };
		9E948F2F2ADF9E1000368A6A /* Assets.xcassets */ = {isa = PBXFileReference; lastKnownFileType = folder.assetcatalog; path = Assets.xcassets; sourceTree = "<group>"; };
		9E948F322ADF9E1000368A6A /* Base */ = {isa = PBXFileReference; lastKnownFileType = file.storyboard; name = Base; path = Base.lproj/LaunchScreen.storyboard; sourceTree = "<group>"; };
		9E948F342ADF9E1000368A6A /* Info.plist */ = {isa = PBXFileReference; lastKnownFileType = text.plist.xml; path = Info.plist; sourceTree = "<group>"; };
		9E948F392ADF9E1100368A6A /* SocialAuthenticationTests.xctest */ = {isa = PBXFileReference; explicitFileType = wrapper.cfbundle; includeInIndex = 0; path = SocialAuthenticationTests.xctest; sourceTree = BUILT_PRODUCTS_DIR; };
		9E948F3D2ADF9E1100368A6A /* SocialAuthenticationTests.swift */ = {isa = PBXFileReference; lastKnownFileType = sourcecode.swift; path = SocialAuthenticationTests.swift; sourceTree = "<group>"; };
		9E948F432ADF9E1100368A6A /* SocialAuthenticationUITests.xctest */ = {isa = PBXFileReference; explicitFileType = wrapper.cfbundle; includeInIndex = 0; path = SocialAuthenticationUITests.xctest; sourceTree = BUILT_PRODUCTS_DIR; };
		9E948F472ADF9E1100368A6A /* SocialAuthenticationUITests.swift */ = {isa = PBXFileReference; lastKnownFileType = sourcecode.swift; path = SocialAuthenticationUITests.swift; sourceTree = "<group>"; };
		9E948F492ADF9E1100368A6A /* SocialAuthenticationUITestsLaunchTests.swift */ = {isa = PBXFileReference; lastKnownFileType = sourcecode.swift; path = SocialAuthenticationUITestsLaunchTests.swift; sourceTree = "<group>"; };
/* End PBXFileReference section */

/* Begin PBXFrameworksBuildPhase section */
		9E948F202ADF9E0F00368A6A /* Frameworks */ = {
			isa = PBXFrameworksBuildPhase;
			buildActionMask = 2147483647;
			files = (
			);
			runOnlyForDeploymentPostprocessing = 0;
		};
		9E948F362ADF9E1100368A6A /* Frameworks */ = {
			isa = PBXFrameworksBuildPhase;
			buildActionMask = 2147483647;
			files = (
			);
			runOnlyForDeploymentPostprocessing = 0;
		};
		9E948F402ADF9E1100368A6A /* Frameworks */ = {
			isa = PBXFrameworksBuildPhase;
			buildActionMask = 2147483647;
			files = (
			);
			runOnlyForDeploymentPostprocessing = 0;
		};
/* End PBXFrameworksBuildPhase section */

/* Begin PBXGroup section */
		9E948F1A2ADF9E0F00368A6A = {
			isa = PBXGroup;
			children = (
				9E948F252ADF9E0F00368A6A /* SocialAuthentication */,
				9E948F3C2ADF9E1100368A6A /* SocialAuthenticationTests */,
				9E948F462ADF9E1100368A6A /* SocialAuthenticationUITests */,
				9E948F242ADF9E0F00368A6A /* Products */,
			);
			sourceTree = "<group>";
		};
		9E948F242ADF9E0F00368A6A /* Products */ = {
			isa = PBXGroup;
			children = (
				9E948F232ADF9E0F00368A6A /* SocialAuthentication.app */,
				9E948F392ADF9E1100368A6A /* SocialAuthenticationTests.xctest */,
				9E948F432ADF9E1100368A6A /* SocialAuthenticationUITests.xctest */,
			);
			name = Products;
			sourceTree = "<group>";
		};
		9E948F252ADF9E0F00368A6A /* SocialAuthentication */ = {
			isa = PBXGroup;
			children = (
				9E948F562ADF9E2200368A6A /* AppLifeCycle */,
				9E948F582ADF9E4E00368A6A /* Controllers */,
				9E948F572ADF9E4000368A6A /* Storyboards */,
				9E948F592ADF9E6000368A6A /* Assets */,
				9E948F342ADF9E1000368A6A /* Info.plist */,
			);
			path = SocialAuthentication;
			sourceTree = "<group>";
		};
		9E948F3C2ADF9E1100368A6A /* SocialAuthenticationTests */ = {
			isa = PBXGroup;
			children = (
				9E948F3D2ADF9E1100368A6A /* SocialAuthenticationTests.swift */,
			);
			path = SocialAuthenticationTests;
			sourceTree = "<group>";
		};
		9E948F462ADF9E1100368A6A /* SocialAuthenticationUITests */ = {
			isa = PBXGroup;
			children = (
				9E948F472ADF9E1100368A6A /* SocialAuthenticationUITests.swift */,
				9E948F492ADF9E1100368A6A /* SocialAuthenticationUITestsLaunchTests.swift */,
			);
			path = SocialAuthenticationUITests;
			sourceTree = "<group>";
		};
		9E948F562ADF9E2200368A6A /* AppLifeCycle */ = {
			isa = PBXGroup;
			children = (
				9E948F262ADF9E0F00368A6A /* AppDelegate.swift */,
				9E948F282ADF9E0F00368A6A /* SceneDelegate.swift */,
			);
			path = AppLifeCycle;
			sourceTree = "<group>";
		};
		9E948F572ADF9E4000368A6A /* Storyboards */ = {
			isa = PBXGroup;
			children = (
				9E948F2C2ADF9E0F00368A6A /* Main.storyboard */,
				9E948F312ADF9E1000368A6A /* LaunchScreen.storyboard */,
			);
			path = Storyboards;
			sourceTree = "<group>";
		};
		9E948F582ADF9E4E00368A6A /* Controllers */ = {
			isa = PBXGroup;
			children = (
				9E948F2A2ADF9E0F00368A6A /* ViewController.swift */,
			);
			path = Controllers;
			sourceTree = "<group>";
		};
		9E948F592ADF9E6000368A6A /* Assets */ = {
			isa = PBXGroup;
			children = (
				9E948F2F2ADF9E1000368A6A /* Assets.xcassets */,
			);
			path = Assets;
			sourceTree = "<group>";
		};
/* End PBXGroup section */

/* Begin PBXNativeTarget section */
		9E948F222ADF9E0F00368A6A /* SocialAuthentication */ = {
			isa = PBXNativeTarget;
			buildConfigurationList = 9E948F4D2ADF9E1100368A6A /* Build configuration list for PBXNativeTarget "SocialAuthentication" */;
			buildPhases = (
				9E948F1F2ADF9E0F00368A6A /* Sources */,
				9E948F202ADF9E0F00368A6A /* Frameworks */,
				9E948F212ADF9E0F00368A6A /* Resources */,
			);
			buildRules = (
			);
			dependencies = (
			);
			name = SocialAuthentication;
			productName = SocialAuthentication;
			productReference = 9E948F232ADF9E0F00368A6A /* SocialAuthentication.app */;
			productType = "com.apple.product-type.application";
		};
		9E948F382ADF9E1100368A6A /* SocialAuthenticationTests */ = {
			isa = PBXNativeTarget;
			buildConfigurationList = 9E948F502ADF9E1100368A6A /* Build configuration list for PBXNativeTarget "SocialAuthenticationTests" */;
			buildPhases = (
				9E948F352ADF9E1100368A6A /* Sources */,
				9E948F362ADF9E1100368A6A /* Frameworks */,
				9E948F372ADF9E1100368A6A /* Resources */,
			);
			buildRules = (
			);
			dependencies = (
				9E948F3B2ADF9E1100368A6A /* PBXTargetDependency */,
			);
			name = SocialAuthenticationTests;
			productName = SocialAuthenticationTests;
			productReference = 9E948F392ADF9E1100368A6A /* SocialAuthenticationTests.xctest */;
			productType = "com.apple.product-type.bundle.unit-test";
		};
		9E948F422ADF9E1100368A6A /* SocialAuthenticationUITests */ = {
			isa = PBXNativeTarget;
			buildConfigurationList = 9E948F532ADF9E1100368A6A /* Build configuration list for PBXNativeTarget "SocialAuthenticationUITests" */;
			buildPhases = (
				9E948F3F2ADF9E1100368A6A /* Sources */,
				9E948F402ADF9E1100368A6A /* Frameworks */,
				9E948F412ADF9E1100368A6A /* Resources */,
			);
			buildRules = (
			);
			dependencies = (
				9E948F452ADF9E1100368A6A /* PBXTargetDependency */,
			);
			name = SocialAuthenticationUITests;
			productName = SocialAuthenticationUITests;
			productReference = 9E948F432ADF9E1100368A6A /* SocialAuthenticationUITests.xctest */;
			productType = "com.apple.product-type.bundle.ui-testing";
		};
/* End PBXNativeTarget section */

/* Begin PBXProject section */
		9E948F1B2ADF9E0F00368A6A /* Project object */ = {
			isa = PBXProject;
			attributes = {
				BuildIndependentTargetsInParallel = 1;
				LastSwiftUpdateCheck = 1400;
				LastUpgradeCheck = 1400;
				TargetAttributes = {
					9E948F222ADF9E0F00368A6A = {
						CreatedOnToolsVersion = 14.0.1;
					};
					9E948F382ADF9E1100368A6A = {
						CreatedOnToolsVersion = 14.0.1;
						TestTargetID = 9E948F222ADF9E0F00368A6A;
					};
					9E948F422ADF9E1100368A6A = {
						CreatedOnToolsVersion = 14.0.1;
						TestTargetID = 9E948F222ADF9E0F00368A6A;
					};
				};
			};
			buildConfigurationList = 9E948F1E2ADF9E0F00368A6A /* Build configuration list for PBXProject "SocialAuthentication" */;
			compatibilityVersion = "Xcode 14.0";
			developmentRegion = en;
			hasScannedForEncodings = 0;
			knownRegions = (
				en,
				Base,
			);
			mainGroup = 9E948F1A2ADF9E0F00368A6A;
			productRefGroup = 9E948F242ADF9E0F00368A6A /* Products */;
			projectDirPath = "";
			projectRoot = "";
			targets = (
				9E948F222ADF9E0F00368A6A /* SocialAuthentication */,
				9E948F382ADF9E1100368A6A /* SocialAuthenticationTests */,
				9E948F422ADF9E1100368A6A /* SocialAuthenticationUITests */,
			);
		};
/* End PBXProject section */

/* Begin PBXResourcesBuildPhase section */
		9E948F212ADF9E0F00368A6A /* Resources */ = {
			isa = PBXResourcesBuildPhase;
			buildActionMask = 2147483647;
			files = (
				9E948F332ADF9E1000368A6A /* LaunchScreen.storyboard in Resources */,
				9E948F302ADF9E1000368A6A /* Assets.xcassets in Resources */,
				9E948F2E2ADF9E0F00368A6A /* Main.storyboard in Resources */,
			);
			runOnlyForDeploymentPostprocessing = 0;
		};
		9E948F372ADF9E1100368A6A /* Resources */ = {
			isa = PBXResourcesBuildPhase;
			buildActionMask = 2147483647;
			files = (
			);
			runOnlyForDeploymentPostprocessing = 0;
		};
		9E948F412ADF9E1100368A6A /* Resources */ = {
			isa = PBXResourcesBuildPhase;
			buildActionMask = 2147483647;
			files = (
			);
			runOnlyForDeploymentPostprocessing = 0;
		};
/* End PBXResourcesBuildPhase section */

/* Begin PBXSourcesBuildPhase section */
		9E948F1F2ADF9E0F00368A6A /* Sources */ = {
			isa = PBXSourcesBuildPhase;
			buildActionMask = 2147483647;
			files = (
				9E948F2B2ADF9E0F00368A6A /* ViewController.swift in Sources */,
				9E948F272ADF9E0F00368A6A /* AppDelegate.swift in Sources */,
				9E948F292ADF9E0F00368A6A /* SceneDelegate.swift in Sources */,
			);
			runOnlyForDeploymentPostprocessing = 0;
		};
		9E948F352ADF9E1100368A6A /* Sources */ = {
			isa = PBXSourcesBuildPhase;
			buildActionMask = 2147483647;
			files = (
				9E948F3E2ADF9E1100368A6A /* SocialAuthenticationTests.swift in Sources */,
			);
			runOnlyForDeploymentPostprocessing = 0;
		};
		9E948F3F2ADF9E1100368A6A /* Sources */ = {
			isa = PBXSourcesBuildPhase;
			buildActionMask = 2147483647;
			files = (
				9E948F482ADF9E1100368A6A /* SocialAuthenticationUITests.swift in Sources */,
				9E948F4A2ADF9E1100368A6A /* SocialAuthenticationUITestsLaunchTests.swift in Sources */,
			);
			runOnlyForDeploymentPostprocessing = 0;
		};
/* End PBXSourcesBuildPhase section */

/* Begin PBXTargetDependency section */
		9E948F3B2ADF9E1100368A6A /* PBXTargetDependency */ = {
			isa = PBXTargetDependency;
			target = 9E948F222ADF9E0F00368A6A /* SocialAuthentication */;
			targetProxy = 9E948F3A2ADF9E1100368A6A /* PBXContainerItemProxy */;
		};
		9E948F452ADF9E1100368A6A /* PBXTargetDependency */ = {
			isa = PBXTargetDependency;
			target = 9E948F222ADF9E0F00368A6A /* SocialAuthentication */;
			targetProxy = 9E948F442ADF9E1100368A6A /* PBXContainerItemProxy */;
		};
/* End PBXTargetDependency section */

/* Begin PBXVariantGroup section */
		9E948F2C2ADF9E0F00368A6A /* Main.storyboard */ = {
			isa = PBXVariantGroup;
			children = (
				9E948F2D2ADF9E0F00368A6A /* Base */,
			);
			name = Main.storyboard;
			sourceTree = "<group>";
		};
		9E948F312ADF9E1000368A6A /* LaunchScreen.storyboard */ = {
			isa = PBXVariantGroup;
			children = (
				9E948F322ADF9E1000368A6A /* Base */,
			);
			name = LaunchScreen.storyboard;
			sourceTree = "<group>";
		};
/* End PBXVariantGroup section */

/* Begin XCBuildConfiguration section */
		9E948F4B2ADF9E1100368A6A /* Debug */ = {
			isa = XCBuildConfiguration;
			buildSettings = {
				ALWAYS_SEARCH_USER_PATHS = NO;
				CLANG_ANALYZER_NONNULL = YES;
				CLANG_ANALYZER_NUMBER_OBJECT_CONVERSION = YES_AGGRESSIVE;
				CLANG_CXX_LANGUAGE_STANDARD = "gnu++20";
				CLANG_ENABLE_MODULES = YES;
				CLANG_ENABLE_OBJC_ARC = YES;
				CLANG_ENABLE_OBJC_WEAK = YES;
				CLANG_WARN_BLOCK_CAPTURE_AUTORELEASING = YES;
				CLANG_WARN_BOOL_CONVERSION = YES;
				CLANG_WARN_COMMA = YES;
				CLANG_WARN_CONSTANT_CONVERSION = YES;
				CLANG_WARN_DEPRECATED_OBJC_IMPLEMENTATIONS = YES;
				CLANG_WARN_DIRECT_OBJC_ISA_USAGE = YES_ERROR;
				CLANG_WARN_DOCUMENTATION_COMMENTS = YES;
				CLANG_WARN_EMPTY_BODY = YES;
				CLANG_WARN_ENUM_CONVERSION = YES;
				CLANG_WARN_INFINITE_RECURSION = YES;
				CLANG_WARN_INT_CONVERSION = YES;
				CLANG_WARN_NON_LITERAL_NULL_CONVERSION = YES;
				CLANG_WARN_OBJC_IMPLICIT_RETAIN_SELF = YES;
				CLANG_WARN_OBJC_LITERAL_CONVERSION = YES;
				CLANG_WARN_OBJC_ROOT_CLASS = YES_ERROR;
				CLANG_WARN_QUOTED_INCLUDE_IN_FRAMEWORK_HEADER = YES;
				CLANG_WARN_RANGE_LOOP_ANALYSIS = YES;
				CLANG_WARN_STRICT_PROTOTYPES = YES;
				CLANG_WARN_SUSPICIOUS_MOVE = YES;
				CLANG_WARN_UNGUARDED_AVAILABILITY = YES_AGGRESSIVE;
				CLANG_WARN_UNREACHABLE_CODE = YES;
				CLANG_WARN__DUPLICATE_METHOD_MATCH = YES;
				COPY_PHASE_STRIP = NO;
				DEBUG_INFORMATION_FORMAT = dwarf;
				ENABLE_STRICT_OBJC_MSGSEND = YES;
				ENABLE_TESTABILITY = YES;
				GCC_C_LANGUAGE_STANDARD = gnu11;
				GCC_DYNAMIC_NO_PIC = NO;
				GCC_NO_COMMON_BLOCKS = YES;
				GCC_OPTIMIZATION_LEVEL = 0;
				GCC_PREPROCESSOR_DEFINITIONS = (
					"DEBUG=1",
					"$(inherited)",
				);
				GCC_WARN_64_TO_32_BIT_CONVERSION = YES;
				GCC_WARN_ABOUT_RETURN_TYPE = YES_ERROR;
				GCC_WARN_UNDECLARED_SELECTOR = YES;
				GCC_WARN_UNINITIALIZED_AUTOS = YES_AGGRESSIVE;
				GCC_WARN_UNUSED_FUNCTION = YES;
				GCC_WARN_UNUSED_VARIABLE = YES;
				IPHONEOS_DEPLOYMENT_TARGET = 16.0;
				MTL_ENABLE_DEBUG_INFO = INCLUDE_SOURCE;
				MTL_FAST_MATH = YES;
				ONLY_ACTIVE_ARCH = YES;
				SDKROOT = iphoneos;
				SWIFT_ACTIVE_COMPILATION_CONDITIONS = DEBUG;
				SWIFT_OPTIMIZATION_LEVEL = "-Onone";
			};
			name = Debug;
		};
		9E948F4C2ADF9E1100368A6A /* Release */ = {
			isa = XCBuildConfiguration;
			buildSettings = {
				ALWAYS_SEARCH_USER_PATHS = NO;
				CLANG_ANALYZER_NONNULL = YES;
				CLANG_ANALYZER_NUMBER_OBJECT_CONVERSION = YES_AGGRESSIVE;
				CLANG_CXX_LANGUAGE_STANDARD = "gnu++20";
				CLANG_ENABLE_MODULES = YES;
				CLANG_ENABLE_OBJC_ARC = YES;
				CLANG_ENABLE_OBJC_WEAK = YES;
				CLANG_WARN_BLOCK_CAPTURE_AUTORELEASING = YES;
				CLANG_WARN_BOOL_CONVERSION = YES;
				CLANG_WARN_COMMA = YES;
				CLANG_WARN_CONSTANT_CONVERSION = YES;
				CLANG_WARN_DEPRECATED_OBJC_IMPLEMENTATIONS = YES;
				CLANG_WARN_DIRECT_OBJC_ISA_USAGE = YES_ERROR;
				CLANG_WARN_DOCUMENTATION_COMMENTS = YES;
				CLANG_WARN_EMPTY_BODY = YES;
				CLANG_WARN_ENUM_CONVERSION = YES;
				CLANG_WARN_INFINITE_RECURSION = YES;
				CLANG_WARN_INT_CONVERSION = YES;
				CLANG_WARN_NON_LITERAL_NULL_CONVERSION = YES;
				CLANG_WARN_OBJC_IMPLICIT_RETAIN_SELF = YES;
				CLANG_WARN_OBJC_LITERAL_CONVERSION = YES;
				CLANG_WARN_OBJC_ROOT_CLASS = YES_ERROR;
				CLANG_WARN_QUOTED_INCLUDE_IN_FRAMEWORK_HEADER = YES;
				CLANG_WARN_RANGE_LOOP_ANALYSIS = YES;
				CLANG_WARN_STRICT_PROTOTYPES = YES;
				CLANG_WARN_SUSPICIOUS_MOVE = YES;
				CLANG_WARN_UNGUARDED_AVAILABILITY = YES_AGGRESSIVE;
				CLANG_WARN_UNREACHABLE_CODE = YES;
				CLANG_WARN__DUPLICATE_METHOD_MATCH = YES;
				COPY_PHASE_STRIP = NO;
				DEBUG_INFORMATION_FORMAT = "dwarf-with-dsym";
				ENABLE_NS_ASSERTIONS = NO;
				ENABLE_STRICT_OBJC_MSGSEND = YES;
				GCC_C_LANGUAGE_STANDARD = gnu11;
				GCC_NO_COMMON_BLOCKS = YES;
				GCC_WARN_64_TO_32_BIT_CONVERSION = YES;
				GCC_WARN_ABOUT_RETURN_TYPE = YES_ERROR;
				GCC_WARN_UNDECLARED_SELECTOR = YES;
				GCC_WARN_UNINITIALIZED_AUTOS = YES_AGGRESSIVE;
				GCC_WARN_UNUSED_FUNCTION = YES;
				GCC_WARN_UNUSED_VARIABLE = YES;
				IPHONEOS_DEPLOYMENT_TARGET = 16.0;
				MTL_ENABLE_DEBUG_INFO = NO;
				MTL_FAST_MATH = YES;
				SDKROOT = iphoneos;
				SWIFT_COMPILATION_MODE = wholemodule;
				SWIFT_OPTIMIZATION_LEVEL = "-O";
				VALIDATE_PRODUCT = YES;
			};
			name = Release;
		};
		9E948F4E2ADF9E1100368A6A /* Debug */ = {
			isa = XCBuildConfiguration;
			buildSettings = {
				ASSETCATALOG_COMPILER_APPICON_NAME = AppIcon;
				ASSETCATALOG_COMPILER_GLOBAL_ACCENT_COLOR_NAME = AccentColor;
				CODE_SIGN_STYLE = Automatic;
				CURRENT_PROJECT_VERSION = 1;
				DEVELOPMENT_TEAM = CTU277PX96;
				GENERATE_INFOPLIST_FILE = YES;
				INFOPLIST_FILE = SocialAuthentication/Info.plist;
				INFOPLIST_KEY_UIApplicationSupportsIndirectInputEvents = YES;
				INFOPLIST_KEY_UILaunchStoryboardName = LaunchScreen;
				INFOPLIST_KEY_UIMainStoryboardFile = Main;
				INFOPLIST_KEY_UISupportedInterfaceOrientations_iPad = "UIInterfaceOrientationPortrait UIInterfaceOrientationPortraitUpsideDown UIInterfaceOrientationLandscapeLeft UIInterfaceOrientationLandscapeRight";
				INFOPLIST_KEY_UISupportedInterfaceOrientations_iPhone = "UIInterfaceOrientationPortrait UIInterfaceOrientationLandscapeLeft UIInterfaceOrientationLandscapeRight";
				LD_RUNPATH_SEARCH_PATHS = (
					"$(inherited)",
					"@executable_path/Frameworks",
				);
				MARKETING_VERSION = 1.0;
				PRODUCT_BUNDLE_IDENTIFIER = Zafi.SocialAuthentication;
				PRODUCT_NAME = "$(TARGET_NAME)";
				SWIFT_EMIT_LOC_STRINGS = YES;
				SWIFT_VERSION = 5.0;
				TARGETED_DEVICE_FAMILY = "1,2";
			};
			name = Debug;
		};
		9E948F4F2ADF9E1100368A6A /* Release */ = {
			isa = XCBuildConfiguration;
			buildSettings = {
				ASSETCATALOG_COMPILER_APPICON_NAME = AppIcon;
				ASSETCATALOG_COMPILER_GLOBAL_ACCENT_COLOR_NAME = AccentColor;
				CODE_SIGN_STYLE = Automatic;
				CURRENT_PROJECT_VERSION = 1;
				DEVELOPMENT_TEAM = CTU277PX96;
				GENERATE_INFOPLIST_FILE = YES;
				INFOPLIST_FILE = SocialAuthentication/Info.plist;
				INFOPLIST_KEY_UIApplicationSupportsIndirectInputEvents = YES;
				INFOPLIST_KEY_UILaunchStoryboardName = LaunchScreen;
				INFOPLIST_KEY_UIMainStoryboardFile = Main;
				INFOPLIST_KEY_UISupportedInterfaceOrientations_iPad = "UIInterfaceOrientationPortrait UIInterfaceOrientationPortraitUpsideDown UIInterfaceOrientationLandscapeLeft UIInterfaceOrientationLandscapeRight";
				INFOPLIST_KEY_UISupportedInterfaceOrientations_iPhone = "UIInterfaceOrientationPortrait UIInterfaceOrientationLandscapeLeft UIInterfaceOrientationLandscapeRight";
				LD_RUNPATH_SEARCH_PATHS = (
					"$(inherited)",
					"@executable_path/Frameworks",
				);
				MARKETING_VERSION = 1.0;
				PRODUCT_BUNDLE_IDENTIFIER = Zafi.SocialAuthentication;
				PRODUCT_NAME = "$(TARGET_NAME)";
				SWIFT_EMIT_LOC_STRINGS = YES;
				SWIFT_VERSION = 5.0;
				TARGETED_DEVICE_FAMILY = "1,2";
			};
			name = Release;
		};
		9E948F512ADF9E1100368A6A /* Debug */ = {
			isa = XCBuildConfiguration;
			buildSettings = {
				ALWAYS_EMBED_SWIFT_STANDARD_LIBRARIES = YES;
				BUNDLE_LOADER = "$(TEST_HOST)";
				CODE_SIGN_STYLE = Automatic;
				CURRENT_PROJECT_VERSION = 1;
				DEVELOPMENT_TEAM = CTU277PX96;
				GENERATE_INFOPLIST_FILE = YES;
				IPHONEOS_DEPLOYMENT_TARGET = 16.0;
				MARKETING_VERSION = 1.0;
				PRODUCT_BUNDLE_IDENTIFIER = Zafi.SocialAuthenticationTests;
				PRODUCT_NAME = "$(TARGET_NAME)";
				SWIFT_EMIT_LOC_STRINGS = NO;
				SWIFT_VERSION = 5.0;
				TARGETED_DEVICE_FAMILY = "1,2";
				TEST_HOST = "$(BUILT_PRODUCTS_DIR)/SocialAuthentication.app/$(BUNDLE_EXECUTABLE_FOLDER_PATH)/SocialAuthentication";
			};
			name = Debug;
		};
		9E948F522ADF9E1100368A6A /* Release */ = {
			isa = XCBuildConfiguration;
			buildSettings = {
				ALWAYS_EMBED_SWIFT_STANDARD_LIBRARIES = YES;
				BUNDLE_LOADER = "$(TEST_HOST)";
				CODE_SIGN_STYLE = Automatic;
				CURRENT_PROJECT_VERSION = 1;
				DEVELOPMENT_TEAM = CTU277PX96;
				GENERATE_INFOPLIST_FILE = YES;
				IPHONEOS_DEPLOYMENT_TARGET = 16.0;
				MARKETING_VERSION = 1.0;
				PRODUCT_BUNDLE_IDENTIFIER = Zafi.SocialAuthenticationTests;
				PRODUCT_NAME = "$(TARGET_NAME)";
				SWIFT_EMIT_LOC_STRINGS = NO;
				SWIFT_VERSION = 5.0;
				TARGETED_DEVICE_FAMILY = "1,2";
				TEST_HOST = "$(BUILT_PRODUCTS_DIR)/SocialAuthentication.app/$(BUNDLE_EXECUTABLE_FOLDER_PATH)/SocialAuthentication";
			};
			name = Release;
		};
		9E948F542ADF9E1100368A6A /* Debug */ = {
			isa = XCBuildConfiguration;
			buildSettings = {
				ALWAYS_EMBED_SWIFT_STANDARD_LIBRARIES = YES;
				CODE_SIGN_STYLE = Automatic;
				CURRENT_PROJECT_VERSION = 1;
				DEVELOPMENT_TEAM = CTU277PX96;
				GENERATE_INFOPLIST_FILE = YES;
				MARKETING_VERSION = 1.0;
				PRODUCT_BUNDLE_IDENTIFIER = Zafi.SocialAuthenticationUITests;
				PRODUCT_NAME = "$(TARGET_NAME)";
				SWIFT_EMIT_LOC_STRINGS = NO;
				SWIFT_VERSION = 5.0;
				TARGETED_DEVICE_FAMILY = "1,2";
				TEST_TARGET_NAME = SocialAuthentication;
			};
			name = Debug;
		};
		9E948F552ADF9E1100368A6A /* Release */ = {
			isa = XCBuildConfiguration;
			buildSettings = {
				ALWAYS_EMBED_SWIFT_STANDARD_LIBRARIES = YES;
				CODE_SIGN_STYLE = Automatic;
				CURRENT_PROJECT_VERSION = 1;
				DEVELOPMENT_TEAM = CTU277PX96;
				GENERATE_INFOPLIST_FILE = YES;
				MARKETING_VERSION = 1.0;
				PRODUCT_BUNDLE_IDENTIFIER = Zafi.SocialAuthenticationUITests;
				PRODUCT_NAME = "$(TARGET_NAME)";
				SWIFT_EMIT_LOC_STRINGS = NO;
				SWIFT_VERSION = 5.0;
				TARGETED_DEVICE_FAMILY = "1,2";
				TEST_TARGET_NAME = SocialAuthentication;
			};
			name = Release;
		};
/* End XCBuildConfiguration section */

/* Begin XCConfigurationList section */
		9E948F1E2ADF9E0F00368A6A /* Build configuration list for PBXProject "SocialAuthentication" */ = {
			isa = XCConfigurationList;
			buildConfigurations = (
				9E948F4B2ADF9E1100368A6A /* Debug */,
				9E948F4C2ADF9E1100368A6A /* Release */,
			);
			defaultConfigurationIsVisible = 0;
			defaultConfigurationName = Release;
		};
		9E948F4D2ADF9E1100368A6A /* Build configuration list for PBXNativeTarget "SocialAuthentication" */ = {
			isa = XCConfigurationList;
			buildConfigurations = (
				9E948F4E2ADF9E1100368A6A /* Debug */,
				9E948F4F2ADF9E1100368A6A /* Release */,
			);
			defaultConfigurationIsVisible = 0;
			defaultConfigurationName = Release;
		};
		9E948F502ADF9E1100368A6A /* Build configuration list for PBXNativeTarget "SocialAuthenticationTests" */ = {
			isa = XCConfigurationList;
			buildConfigurations = (
				9E948F512ADF9E1100368A6A /* Debug */,
				9E948F522ADF9E1100368A6A /* Release */,
			);
			defaultConfigurationIsVisible = 0;
			defaultConfigurationName = Release;
		};
		9E948F532ADF9E1100368A6A /* Build configuration list for PBXNativeTarget "SocialAuthenticationUITests" */ = {
			isa = XCConfigurationList;
			buildConfigurations = (
				9E948F542ADF9E1100368A6A /* Debug */,
				9E948F552ADF9E1100368A6A /* Release */,
			);
			defaultConfigurationIsVisible = 0;
			defaultConfigurationName = Release;
		};
/* End XCConfigurationList section */
	};
	rootObject = 9E948F1B2ADF9E0F00368A6A /* Project object */;
}
